// !$*UTF8*$!
{
	archiveVersion = 1;
	classes = {
	};
	objectVersion = 50;
	objects = {

/* Begin PBXBuildFile section */
		00F209382793CD4F0049623E /* VegetablesApp.swift in Sources */ = {isa = PBXBuildFile; fileRef = 00F209372793CD4F0049623E /* VegetablesApp.swift */; };
		00F2093A2793CD4F0049623E /* ContentView.swift in Sources */ = {isa = PBXBuildFile; fileRef = 00F209392793CD4F0049623E /* ContentView.swift */; };
		00F2093C2793CD520049623E /* Assets.xcassets in Resources */ = {isa = PBXBuildFile; fileRef = 00F2093B2793CD520049623E /* Assets.xcassets */; };
		00F2093F2793CD520049623E /* Preview Assets.xcassets in Resources */ = {isa = PBXBuildFile; fileRef = 00F2093E2793CD520049623E /* Preview Assets.xcassets */; };
		00F209482793CE600049623E /* VegetablesData.swift in Sources */ = {isa = PBXBuildFile; fileRef = 00F209472793CE600049623E /* VegetablesData.swift */; };
		00F2094B2793CEA20049623E /* VegetableModel.swift in Sources */ = {isa = PBXBuildFile; fileRef = 00F2094A2793CEA20049623E /* VegetableModel.swift */; };
		00F2094E2793CF090049623E /* VegetableCardView.swift in Sources */ = {isa = PBXBuildFile; fileRef = 00F2094D2793CF090049623E /* VegetableCardView.swift */; };
		00F209502793D0D80049623E /* StartButtonView.swift in Sources */ = {isa = PBXBuildFile; fileRef = 00F2094F2793D0D80049623E /* StartButtonView.swift */; };
/* End PBXBuildFile section */

/* Begin PBXFileReference section */
		00F209342793CD4F0049623E /* Vegetables.app */ = {isa = PBXFileReference; explicitFileType = wrapper.application; includeInIndex = 0; path = Vegetables.app; sourceTree = BUILT_PRODUCTS_DIR; };
		00F209372793CD4F0049623E /* VegetablesApp.swift */ = {isa = PBXFileReference; lastKnownFileType = sourcecode.swift; path = VegetablesApp.swift; sourceTree = "<group>"; };
		00F209392793CD4F0049623E /* ContentView.swift */ = {isa = PBXFileReference; lastKnownFileType = sourcecode.swift; path = ContentView.swift; sourceTree = "<group>"; };
		00F2093B2793CD520049623E /* Assets.xcassets */ = {isa = PBXFileReference; lastKnownFileType = folder.assetcatalog; path = Assets.xcassets; sourceTree = "<group>"; };
		00F2093E2793CD520049623E /* Preview Assets.xcassets */ = {isa = PBXFileReference; lastKnownFileType = folder.assetcatalog; path = "Preview Assets.xcassets"; sourceTree = "<group>"; };
		00F209402793CD520049623E /* Info.plist */ = {isa = PBXFileReference; lastKnownFileType = text.plist.xml; path = Info.plist; sourceTree = "<group>"; };
		00F209472793CE600049623E /* VegetablesData.swift */ = {isa = PBXFileReference; lastKnownFileType = sourcecode.swift; path = VegetablesData.swift; sourceTree = "<group>"; };
		00F2094A2793CEA20049623E /* VegetableModel.swift */ = {isa = PBXFileReference; lastKnownFileType = sourcecode.swift; path = VegetableModel.swift; sourceTree = "<group>"; };
		00F2094D2793CF090049623E /* VegetableCardView.swift */ = {isa = PBXFileReference; lastKnownFileType = sourcecode.swift; path = VegetableCardView.swift; sourceTree = "<group>"; };
		00F2094F2793D0D80049623E /* StartButtonView.swift */ = {isa = PBXFileReference; lastKnownFileType = sourcecode.swift; path = StartButtonView.swift; sourceTree = "<group>"; };
		00FA7B2727B8AEA9001506C0 /* Vegetables.entitlements */ = {isa = PBXFileReference; lastKnownFileType = text.plist.entitlements; path = Vegetables.entitlements; sourceTree = "<group>"; };
/* End PBXFileReference section */

/* Begin PBXFrameworksBuildPhase section */
		00F209312793CD4F0049623E /* Frameworks */ = {
			isa = PBXFrameworksBuildPhase;
			buildActionMask = 2147483647;
			files = (
			);
			runOnlyForDeploymentPostprocessing = 0;
		};
/* End PBXFrameworksBuildPhase section */

/* Begin PBXGroup section */
		00F2092B2793CD4F0049623E = {
			isa = PBXGroup;
			children = (
				00F209362793CD4F0049623E /* Vegetables */,
				00F209352793CD4F0049623E /* Products */,
			);
			sourceTree = "<group>";
		};
		00F209352793CD4F0049623E /* Products */ = {
			isa = PBXGroup;
			children = (
				00F209342793CD4F0049623E /* Vegetables.app */,
			);
			name = Products;
			sourceTree = "<group>";
		};
		00F209362793CD4F0049623E /* Vegetables */ = {
			isa = PBXGroup;
			children = (
				00FA7B2727B8AEA9001506C0 /* Vegetables.entitlements */,
				00F2094C2793CEF40049623E /* View */,
				00F209492793CE7D0049623E /* Model */,
				00F209462793CE3F0049623E /* Data */,
				00F209372793CD4F0049623E /* VegetablesApp.swift */,
				00F209392793CD4F0049623E /* ContentView.swift */,
				00F2093B2793CD520049623E /* Assets.xcassets */,
				00F209402793CD520049623E /* Info.plist */,
				00F2093D2793CD520049623E /* Preview Content */,
			);
			path = Vegetables;
			sourceTree = "<group>";
		};
		00F2093D2793CD520049623E /* Preview Content */ = {
			isa = PBXGroup;
			children = (
				00F2093E2793CD520049623E /* Preview Assets.xcassets */,
			);
			path = "Preview Content";
			sourceTree = "<group>";
		};
		00F209462793CE3F0049623E /* Data */ = {
			isa = PBXGroup;
			children = (
				00F209472793CE600049623E /* VegetablesData.swift */,
			);
			path = Data;
			sourceTree = "<group>";
		};
		00F209492793CE7D0049623E /* Model */ = {
			isa = PBXGroup;
			children = (
				00F2094A2793CEA20049623E /* VegetableModel.swift */,
			);
			path = Model;
			sourceTree = "<group>";
		};
		00F2094C2793CEF40049623E /* View */ = {
			isa = PBXGroup;
			children = (
				00F2094D2793CF090049623E /* VegetableCardView.swift */,
				00F2094F2793D0D80049623E /* StartButtonView.swift */,
			);
			path = View;
			sourceTree = "<group>";
		};
/* End PBXGroup section */

/* Begin PBXNativeTarget section */
		00F209332793CD4F0049623E /* Vegetables */ = {
			isa = PBXNativeTarget;
			buildConfigurationList = 00F209432793CD520049623E /* Build configuration list for PBXNativeTarget "Vegetables" */;
			buildPhases = (
				00F209302793CD4F0049623E /* Sources */,
				00F209312793CD4F0049623E /* Frameworks */,
				00F209322793CD4F0049623E /* Resources */,
			);
			buildRules = (
			);
			dependencies = (
			);
			name = Vegetables;
			productName = Vegetables;
			productReference = 00F209342793CD4F0049623E /* Vegetables.app */;
			productType = "com.apple.product-type.application";
		};
/* End PBXNativeTarget section */

/* Begin PBXProject section */
		00F2092C2793CD4F0049623E /* Project object */ = {
			isa = PBXProject;
			attributes = {
				LastSwiftUpdateCheck = 1250;
				LastUpgradeCheck = 1250;
				TargetAttributes = {
					00F209332793CD4F0049623E = {
						CreatedOnToolsVersion = 12.5;
					};
				};
			};
			buildConfigurationList = 00F2092F2793CD4F0049623E /* Build configuration list for PBXProject "Vegetables" */;
			compatibilityVersion = "Xcode 9.3";
			developmentRegion = en;
			hasScannedForEncodings = 0;
			knownRegions = (
				en,
				Base,
			);
			mainGroup = 00F2092B2793CD4F0049623E;
			productRefGroup = 00F209352793CD4F0049623E /* Products */;
			projectDirPath = "";
			projectRoot = "";
			targets = (
				00F209332793CD4F0049623E /* Vegetables */,
			);
		};
/* End PBXProject section */

/* Begin PBXResourcesBuildPhase section */
		00F209322793CD4F0049623E /* Resources */ = {
			isa = PBXResourcesBuildPhase;
			buildActionMask = 2147483647;
			files = (
				00F2093F2793CD520049623E /* Preview Assets.xcassets in Resources */,
				00F2093C2793CD520049623E /* Assets.xcassets in Resources */,
			);
			runOnlyForDeploymentPostprocessing = 0;
		};
/* End PBXResourcesBuildPhase section */

/* Begin PBXSourcesBuildPhase section */
		00F209302793CD4F0049623E /* Sources */ = {
			isa = PBXSourcesBuildPhase;
			buildActionMask = 2147483647;
			files = (
				00F209482793CE600049623E /* VegetablesData.swift in Sources */,
				00F2093A2793CD4F0049623E /* ContentView.swift in Sources */,
				00F209382793CD4F0049623E /* VegetablesApp.swift in Sources */,
				00F209502793D0D80049623E /* StartButtonView.swift in Sources */,
				00F2094B2793CEA20049623E /* VegetableModel.swift in Sources */,
				00F2094E2793CF090049623E /* VegetableCardView.swift in Sources */,
			);
			runOnlyForDeploymentPostprocessing = 0;
		};
/* End PBXSourcesBuildPhase section */

/* Begin XCBuildConfiguration section */
		00F209412793CD520049623E /* Debug */ = {
			isa = XCBuildConfiguration;
			buildSettings = {
				ALWAYS_SEARCH_USER_PATHS = NO;
				CLANG_ANALYZER_NONNULL = YES;
				CLANG_ANALYZER_NUMBER_OBJECT_CONVERSION = YES_AGGRESSIVE;
				CLANG_CXX_LANGUAGE_STANDARD = "gnu++14";
				CLANG_CXX_LIBRARY = "libc++";
				CLANG_ENABLE_MODULES = YES;
				CLANG_ENABLE_OBJC_ARC = YES;
				CLANG_ENABLE_OBJC_WEAK = YES;
				CLANG_WARN_BLOCK_CAPTURE_AUTORELEASING = YES;
				CLANG_WARN_BOOL_CONVERSION = YES;
				CLANG_WARN_COMMA = YES;
				CLANG_WARN_CONSTANT_CONVERSION = YES;
				CLANG_WARN_DEPRECATED_OBJC_IMPLEMENTATIONS = YES;
				CLANG_WARN_DIRECT_OBJC_ISA_USAGE = YES_ERROR;
				CLANG_WARN_DOCUMENTATION_COMMENTS = YES;
				CLANG_WARN_EMPTY_BODY = YES;
				CLANG_WARN_ENUM_CONVERSION = YES;
				CLANG_WARN_INFINITE_RECURSION = YES;
				CLANG_WARN_INT_CONVERSION = YES;
				CLANG_WARN_NON_LITERAL_NULL_CONVERSION = YES;
				CLANG_WARN_OBJC_IMPLICIT_RETAIN_SELF = YES;
				CLANG_WARN_OBJC_LITERAL_CONVERSION = YES;
				CLANG_WARN_OBJC_ROOT_CLASS = YES_ERROR;
				CLANG_WARN_QUOTED_INCLUDE_IN_FRAMEWORK_HEADER = YES;
				CLANG_WARN_RANGE_LOOP_ANALYSIS = YES;
				CLANG_WARN_STRICT_PROTOTYPES = YES;
				CLANG_WARN_SUSPICIOUS_MOVE = YES;
				CLANG_WARN_UNGUARDED_AVAILABILITY = YES_AGGRESSIVE;
				CLANG_WARN_UNREACHABLE_CODE = YES;
				CLANG_WARN__DUPLICATE_METHOD_MATCH = YES;
				COPY_PHASE_STRIP = NO;
				DEBUG_INFORMATION_FORMAT = dwarf;
				ENABLE_STRICT_OBJC_MSGSEND = YES;
				ENABLE_TESTABILITY = YES;
				GCC_C_LANGUAGE_STANDARD = gnu11;
				GCC_DYNAMIC_NO_PIC = NO;
				GCC_NO_COMMON_BLOCKS = YES;
				GCC_OPTIMIZATION_LEVEL = 0;
				GCC_PREPROCESSOR_DEFINITIONS = (
					"DEBUG=1",
					"$(inherited)",
				);
				GCC_WARN_64_TO_32_BIT_CONVERSION = YES;
				GCC_WARN_ABOUT_RETURN_TYPE = YES_ERROR;
				GCC_WARN_UNDECLARED_SELECTOR = YES;
				GCC_WARN_UNINITIALIZED_AUTOS = YES_AGGRESSIVE;
				GCC_WARN_UNUSED_FUNCTION = YES;
				GCC_WARN_UNUSED_VARIABLE = YES;
				IPHONEOS_DEPLOYMENT_TARGET = 14.5;
				MTL_ENABLE_DEBUG_INFO = INCLUDE_SOURCE;
				MTL_FAST_MATH = YES;
				ONLY_ACTIVE_ARCH = YES;
				SDKROOT = iphoneos;
				SWIFT_ACTIVE_COMPILATION_CONDITIONS = DEBUG;
				SWIFT_OPTIMIZATION_LEVEL = "-Onone";
			};
			name = Debug;
		};
		00F209422793CD520049623E /* Release */ = {
			isa = XCBuildConfiguration;
			buildSettings = {
				ALWAYS_SEARCH_USER_PATHS = NO;
				CLANG_ANALYZER_NONNULL = YES;
				CLANG_ANALYZER_NUMBER_OBJECT_CONVERSION = YES_AGGRESSIVE;
				CLANG_CXX_LANGUAGE_STANDARD = "gnu++14";
				CLANG_CXX_LIBRARY = "libc++";
				CLANG_ENABLE_MODULES = YES;
				CLANG_ENABLE_OBJC_ARC = YES;
				CLANG_ENABLE_OBJC_WEAK = YES;
				CLANG_WARN_BLOCK_CAPTURE_AUTORELEASING = YES;
				CLANG_WARN_BOOL_CONVERSION = YES;
				CLANG_WARN_COMMA = YES;
				CLANG_WARN_CONSTANT_CONVERSION = YES;
				CLANG_WARN_DEPRECATED_OBJC_IMPLEMENTATIONS = YES;
				CLANG_WARN_DIRECT_OBJC_ISA_USAGE = YES_ERROR;
				CLANG_WARN_DOCUMENTATION_COMMENTS = YES;
				CLANG_WARN_EMPTY_BODY = YES;
				CLANG_WARN_ENUM_CONVERSION = YES;
				CLANG_WARN_INFINITE_RECURSION = YES;
				CLANG_WARN_INT_CONVERSION = YES;
				CLANG_WARN_NON_LITERAL_NULL_CONVERSION = YES;
				CLANG_WARN_OBJC_IMPLICIT_RETAIN_SELF = YES;
				CLANG_WARN_OBJC_LITERAL_CONVERSION = YES;
				CLANG_WARN_OBJC_ROOT_CLASS = YES_ERROR;
				CLANG_WARN_QUOTED_INCLUDE_IN_FRAMEWORK_HEADER = YES;
				CLANG_WARN_RANGE_LOOP_ANALYSIS = YES;
				CLANG_WARN_STRICT_PROTOTYPES = YES;
				CLANG_WARN_SUSPICIOUS_MOVE = YES;
				CLANG_WARN_UNGUARDED_AVAILABILITY = YES_AGGRESSIVE;
				CLANG_WARN_UNREACHABLE_CODE = YES;
				CLANG_WARN__DUPLICATE_METHOD_MATCH = YES;
				COPY_PHASE_STRIP = NO;
				DEBUG_INFORMATION_FORMAT = "dwarf-with-dsym";
				ENABLE_NS_ASSERTIONS = NO;
				ENABLE_STRICT_OBJC_MSGSEND = YES;
				GCC_C_LANGUAGE_STANDARD = gnu11;
				GCC_NO_COMMON_BLOCKS = YES;
				GCC_WARN_64_TO_32_BIT_CONVERSION = YES;
				GCC_WARN_ABOUT_RETURN_TYPE = YES_ERROR;
				GCC_WARN_UNDECLARED_SELECTOR = YES;
				GCC_WARN_UNINITIALIZED_AUTOS = YES_AGGRESSIVE;
				GCC_WARN_UNUSED_FUNCTION = YES;
				GCC_WARN_UNUSED_VARIABLE = YES;
				IPHONEOS_DEPLOYMENT_TARGET = 14.5;
				MTL_ENABLE_DEBUG_INFO = NO;
				MTL_FAST_MATH = YES;
				SDKROOT = iphoneos;
				SWIFT_COMPILATION_MODE = wholemodule;
				SWIFT_OPTIMIZATION_LEVEL = "-O";
				VALIDATE_PRODUCT = YES;
			};
			name = Release;
		};
		00F209442793CD520049623E /* Debug */ = {
			isa = XCBuildConfiguration;
			buildSettings = {
				ASSETCATALOG_COMPILER_APPICON_NAME = AppIcon;
				ASSETCATALOG_COMPILER_GLOBAL_ACCENT_COLOR_NAME = AccentColor;
				CODE_SIGN_ENTITLEMENTS = Vegetables/Vegetables.entitlements;
				CODE_SIGN_STYLE = Automatic;
				DEVELOPMENT_ASSET_PATHS = "\"Vegetables/Preview Content\"";
				DEVELOPMENT_TEAM = UKD3UY9KY7;
				ENABLE_PREVIEWS = YES;
				INFOPLIST_FILE = Vegetables/Info.plist;
				IPHONEOS_DEPLOYMENT_TARGET = 14.0;
				LD_RUNPATH_SEARCH_PATHS = (
					"$(inherited)",
					"@executable_path/Frameworks",
				);
				PRODUCT_BUNDLE_IDENTIFIER = com.dlf.Vegetables;
				PRODUCT_NAME = "$(TARGET_NAME)";
				SUPPORTS_MACCATALYST = YES;
				SWIFT_VERSION = 5.0;
				TARGETED_DEVICE_FAMILY = "1,2,6";
			};
			name = Debug;
		};
		00F209452793CD520049623E /* Release */ = {
			isa = XCBuildConfiguration;
			buildSettings = {
				ASSETCATALOG_COMPILER_APPICON_NAME = AppIcon;
				ASSETCATALOG_COMPILER_GLOBAL_ACCENT_COLOR_NAME = AccentColor;
				CODE_SIGN_ENTITLEMENTS = Vegetables/Vegetables.entitlements;
				CODE_SIGN_STYLE = Automatic;
				DEVELOPMENT_ASSET_PATHS = "\"Vegetables/Preview Content\"";
				DEVELOPMENT_TEAM = UKD3UY9KY7;
				ENABLE_PREVIEWS = YES;
				INFOPLIST_FILE = Vegetables/Info.plist;
				IPHONEOS_DEPLOYMENT_TARGET = 14.0;
				LD_RUNPATH_SEARCH_PATHS = (
					"$(inherited)",
					"@executable_path/Frameworks",
				);
				PRODUCT_BUNDLE_IDENTIFIER = com.dlf.Vegetables;
				PRODUCT_NAME = "$(TARGET_NAME)";
				SUPPORTS_MACCATALYST = YES;
				SWIFT_VERSION = 5.0;
				TARGETED_DEVICE_FAMILY = "1,2,6";
			};
			name = Release;
		};
/* End XCBuildConfiguration section */

/* Begin XCConfigurationList section */
		00F2092F2793CD4F0049623E /* Build configuration list for PBXProject "Vegetables" */ = {
			isa = XCConfigurationList;
			buildConfigurations = (
				00F209412793CD520049623E /* Debug */,
				00F209422793CD520049623E /* Release */,
			);
			defaultConfigurationIsVisible = 0;
			defaultConfigurationName = Release;
		};
		00F209432793CD520049623E /* Build configuration list for PBXNativeTarget "Vegetables" */ = {
			isa = XCConfigurationList;
			buildConfigurations = (
				00F209442793CD520049623E /* Debug */,
				00F209452793CD520049623E /* Release */,
			);
			defaultConfigurationIsVisible = 0;
			defaultConfigurationName = Release;
		};
/* End XCConfigurationList section */
	};
	rootObject = 00F2092C2793CD4F0049623E /* Project object */;
}
